
Microsoft Visual Studio Solution File, Format Version 12.00
# Visual Studio Version 17
VisualStudioVersion = 17.4.33205.214
MinimumVisualStudioVersion = 10.0.40219.1
Project("{FAE04EC0-301F-11D3-BF4B-00C04F79EFBC}") = "testAPIs", "testAPIs.csproj", "{8AD591A5-CB28-49B6-A47F-2B4984E9D91A}"
EndProject
Global
	GlobalSection(SolutionConfigurationPlatforms) = preSolution
		Debug|Any CPU = Debug|Any CPU
		Release|Any CPU = Release|Any CPU
	EndGlobalSection
	GlobalSection(ProjectConfigurationPlatforms) = postSolution
		{8AD591A5-CB28-49B6-A47F-2B4984E9D91A}.Debug|Any CPU.ActiveCfg = Debug|Any CPU
		{8AD591A5-CB28-49B6-A47F-2B4984E9D91A}.Debug|Any CPU.Build.0 = Debug|Any CPU
		{8AD591A5-CB28-49B6-A47F-2B4984E9D91A}.Release|Any CPU.ActiveCfg = Release|Any CPU
		{8AD591A5-CB28-49B6-A47F-2B4984E9D91A}.Release|Any CPU.Build.0 = Release|Any CPU
	EndGlobalSection
	GlobalSection(SolutionProperties) = preSolution
		HideSolutionNode = FALSE
	EndGlobalSection
	GlobalSection(ExtensibilityGlobals) = postSolution
		SolutionGuid = {1A05D463-0596-4457-8624-EC40668BE836}
	EndGlobalSection
EndGlobal
